
Microsoft Visual Studio Solution File, Format Version 12.00
# Visual Studio Version 17
VisualStudioVersion = 17.14.36121.58
MinimumVisualStudioVersion = 10.0.40219.1
Project("{8BC9CEB8-8B4A-11D0-8D11-00A0C91BC942}") = "MrmLib", "MrmLib\MrmLib.vcxproj", "{8AB9E4DD-EABB-4E9F-A26D-8D15F14BF758}"
EndProject
Project("{8BC9CEB8-8B4A-11D0-8D11-00A0C91BC942}") = "mrmmin", "Mrm\mrmmin\mrmmin.vcxproj", "{AB199369-87E7-44B4-AE83-7CF5C068EFEB}"
EndProject
Project("{8BC9CEB8-8B4A-11D0-8D11-00A0C91BC942}") = "mrmex", "Mrm\mrmex\mrmex.vcxproj", "{C3DBE42D-246E-45F1-8B66-8A8556C0784B}"
EndProject
Project("{2150E333-8FDC-42A3-9474-1A3956D46DE8}") = "Mrm", "Mrm", "{02EA681E-C7D8-13C7-8484-4AC65E1B71E8}"
EndProject
Project("{2150E333-8FDC-42A3-9474-1A3956D46DE8}") = "Solution Items", "Solution Items", "{8EC462FD-D22E-90A8-E5CE-7E832BA40C5D}"
	ProjectSection(SolutionItems) = preProject
		Directory.Build.props = Directory.Build.props
		README.md = README.md
	EndProjectSection
EndProject
Project("{FAE04EC0-301F-11D3-BF4B-00C04F79EFBC}") = "MrmLib.UwpTest", "MrmLib.UwpTest\MrmLib.UwpTest.csproj", "{42716688-A5A6-4514-B5C4-F96205A8F4BA}"
EndProject
Project("{FAE04EC0-301F-11D3-BF4B-00C04F79EFBC}") = "MrmLib.Projection", "MrmLib.Projection\MrmLib.Projection.csproj", "{4674E7CD-2481-49D8-9709-38BF939A1D68}"
EndProject
Project("{2150E333-8FDC-42A3-9474-1A3956D46DE8}") = "NuGet", "NuGet", "{68883283-DEEA-4ADD-85FA-7FF15F19CA83}"
	ProjectSection(SolutionItems) = preProject
		NuGet\MrmLib.ModernNET.targets = NuGet\MrmLib.ModernNET.targets
		NuGet\MrmLib.Native.targets = NuGet\MrmLib.Native.targets
		NuGet\MrmLib.nuspec = NuGet\MrmLib.nuspec
	EndProjectSection
EndProject
Global
	GlobalSection(SolutionConfigurationPlatforms) = preSolution
		Debug|ARM = Debug|ARM
		Debug|ARM64 = Debug|ARM64
		Debug|x64 = Debug|x64
		Debug|x86 = Debug|x86
		Release|ARM = Release|ARM
		Release|ARM64 = Release|ARM64
		Release|x64 = Release|x64
		Release|x86 = Release|x86
	EndGlobalSection
	GlobalSection(ProjectConfigurationPlatforms) = postSolution
		{8AB9E4DD-EABB-4E9F-A26D-8D15F14BF758}.Debug|ARM.ActiveCfg = Debug|ARM
		{8AB9E4DD-EABB-4E9F-A26D-8D15F14BF758}.Debug|ARM.Build.0 = Debug|ARM
		{8AB9E4DD-EABB-4E9F-A26D-8D15F14BF758}.Debug|ARM64.ActiveCfg = Debug|ARM64
		{8AB9E4DD-EABB-4E9F-A26D-8D15F14BF758}.Debug|ARM64.Build.0 = Debug|ARM64
		{8AB9E4DD-EABB-4E9F-A26D-8D15F14BF758}.Debug|x64.ActiveCfg = Debug|x64
		{8AB9E4DD-EABB-4E9F-A26D-8D15F14BF758}.Debug|x64.Build.0 = Debug|x64
		{8AB9E4DD-EABB-4E9F-A26D-8D15F14BF758}.Debug|x86.ActiveCfg = Debug|Win32
		{8AB9E4DD-EABB-4E9F-A26D-8D15F14BF758}.Debug|x86.Build.0 = Debug|Win32
		{8AB9E4DD-EABB-4E9F-A26D-8D15F14BF758}.Release|ARM.ActiveCfg = Release|ARM
		{8AB9E4DD-EABB-4E9F-A26D-8D15F14BF758}.Release|ARM.Build.0 = Release|ARM
		{8AB9E4DD-EABB-4E9F-A26D-8D15F14BF758}.Release|ARM64.ActiveCfg = Release|ARM64
		{8AB9E4DD-EABB-4E9F-A26D-8D15F14BF758}.Release|ARM64.Build.0 = Release|ARM64
		{8AB9E4DD-EABB-4E9F-A26D-8D15F14BF758}.Release|x64.ActiveCfg = Release|x64
		{8AB9E4DD-EABB-4E9F-A26D-8D15F14BF758}.Release|x64.Build.0 = Release|x64
		{8AB9E4DD-EABB-4E9F-A26D-8D15F14BF758}.Release|x86.ActiveCfg = Release|Win32
		{8AB9E4DD-EABB-4E9F-A26D-8D15F14BF758}.Release|x86.Build.0 = Release|Win32
		{AB199369-87E7-44B4-AE83-7CF5C068EFEB}.Debug|ARM.ActiveCfg = Debug|x64
		{AB199369-87E7-44B4-AE83-7CF5C068EFEB}.Debug|ARM.Build.0 = Debug|x64
		{AB199369-87E7-44B4-AE83-7CF5C068EFEB}.Debug|ARM64.ActiveCfg = Debug|ARM64
		{AB199369-87E7-44B4-AE83-7CF5C068EFEB}.Debug|ARM64.Build.0 = Debug|ARM64
		{AB199369-87E7-44B4-AE83-7CF5C068EFEB}.Debug|x64.ActiveCfg = Debug|x64
		{AB199369-87E7-44B4-AE83-7CF5C068EFEB}.Debug|x64.Build.0 = Debug|x64
		{AB199369-87E7-44B4-AE83-7CF5C068EFEB}.Debug|x86.ActiveCfg = Debug|Win32
		{AB199369-87E7-44B4-AE83-7CF5C068EFEB}.Debug|x86.Build.0 = Debug|Win32
		{AB199369-87E7-44B4-AE83-7CF5C068EFEB}.Release|ARM.ActiveCfg = Release|ARM
		{AB199369-87E7-44B4-AE83-7CF5C068EFEB}.Release|ARM.Build.0 = Release|ARM
		{AB199369-87E7-44B4-AE83-7CF5C068EFEB}.Release|ARM64.ActiveCfg = Release|ARM64
		{AB199369-87E7-44B4-AE83-7CF5C068EFEB}.Release|ARM64.Build.0 = Release|ARM64
		{AB199369-87E7-44B4-AE83-7CF5C068EFEB}.Release|x64.ActiveCfg = Release|x64
		{AB199369-87E7-44B4-AE83-7CF5C068EFEB}.Release|x64.Build.0 = Release|x64
		{AB199369-87E7-44B4-AE83-7CF5C068EFEB}.Release|x86.ActiveCfg = Release|Win32
		{AB199369-87E7-44B4-AE83-7CF5C068EFEB}.Release|x86.Build.0 = Release|Win32
		{C3DBE42D-246E-45F1-8B66-8A8556C0784B}.Debug|ARM.ActiveCfg = Debug|x64
		{C3DBE42D-246E-45F1-8B66-8A8556C0784B}.Debug|ARM.Build.0 = Debug|x64
		{C3DBE42D-246E-45F1-8B66-8A8556C0784B}.Debug|ARM64.ActiveCfg = Debug|ARM64
		{C3DBE42D-246E-45F1-8B66-8A8556C0784B}.Debug|ARM64.Build.0 = Debug|ARM64
		{C3DBE42D-246E-45F1-8B66-8A8556C0784B}.Debug|x64.ActiveCfg = Debug|x64
		{C3DBE42D-246E-45F1-8B66-8A8556C0784B}.Debug|x64.Build.0 = Debug|x64
		{C3DBE42D-246E-45F1-8B66-8A8556C0784B}.Debug|x86.ActiveCfg = Debug|Win32
		{C3DBE42D-246E-45F1-8B66-8A8556C0784B}.Debug|x86.Build.0 = Debug|Win32
		{C3DBE42D-246E-45F1-8B66-8A8556C0784B}.Release|ARM.ActiveCfg = Release|ARM
		{C3DBE42D-246E-45F1-8B66-8A8556C0784B}.Release|ARM.Build.0 = Release|ARM
		{C3DBE42D-246E-45F1-8B66-8A8556C0784B}.Release|ARM64.ActiveCfg = Release|ARM64
		{C3DBE42D-246E-45F1-8B66-8A8556C0784B}.Release|ARM64.Build.0 = Release|ARM64
		{C3DBE42D-246E-45F1-8B66-8A8556C0784B}.Release|x64.ActiveCfg = Release|x64
		{C3DBE42D-246E-45F1-8B66-8A8556C0784B}.Release|x64.Build.0 = Release|x64
		{C3DBE42D-246E-45F1-8B66-8A8556C0784B}.Release|x86.ActiveCfg = Release|Win32
		{C3DBE42D-246E-45F1-8B66-8A8556C0784B}.Release|x86.Build.0 = Release|Win32
		{42716688-A5A6-4514-B5C4-F96205A8F4BA}.Debug|ARM.ActiveCfg = Debug|x64
		{42716688-A5A6-4514-B5C4-F96205A8F4BA}.Debug|ARM.Build.0 = Debug|x64
		{42716688-A5A6-4514-B5C4-F96205A8F4BA}.Debug|ARM.Deploy.0 = Debug|x64
		{42716688-A5A6-4514-B5C4-F96205A8F4BA}.Debug|ARM64.ActiveCfg = Debug|arm64
		{42716688-A5A6-4514-B5C4-F96205A8F4BA}.Debug|ARM64.Build.0 = Debug|arm64
		{42716688-A5A6-4514-B5C4-F96205A8F4BA}.Debug|ARM64.Deploy.0 = Debug|arm64
		{42716688-A5A6-4514-B5C4-F96205A8F4BA}.Debug|x64.ActiveCfg = Debug|x64
		{42716688-A5A6-4514-B5C4-F96205A8F4BA}.Debug|x64.Build.0 = Debug|x64
		{42716688-A5A6-4514-B5C4-F96205A8F4BA}.Debug|x64.Deploy.0 = Debug|x64
		{42716688-A5A6-4514-B5C4-F96205A8F4BA}.Debug|x86.ActiveCfg = Debug|x86
		{42716688-A5A6-4514-B5C4-F96205A8F4BA}.Debug|x86.Build.0 = Debug|x86
		{42716688-A5A6-4514-B5C4-F96205A8F4BA}.Debug|x86.Deploy.0 = Debug|x86
		{42716688-A5A6-4514-B5C4-F96205A8F4BA}.Release|ARM.ActiveCfg = Release|ARM
		{42716688-A5A6-4514-B5C4-F96205A8F4BA}.Release|ARM.Build.0 = Release|ARM
		{42716688-A5A6-4514-B5C4-F96205A8F4BA}.Release|ARM.Deploy.0 = Release|ARM
		{42716688-A5A6-4514-B5C4-F96205A8F4BA}.Release|ARM64.ActiveCfg = Release|arm64
		{42716688-A5A6-4514-B5C4-F96205A8F4BA}.Release|ARM64.Build.0 = Release|arm64
		{42716688-A5A6-4514-B5C4-F96205A8F4BA}.Release|ARM64.Deploy.0 = Release|arm64
		{42716688-A5A6-4514-B5C4-F96205A8F4BA}.Release|x64.ActiveCfg = Release|x64
		{42716688-A5A6-4514-B5C4-F96205A8F4BA}.Release|x64.Build.0 = Release|x64
		{42716688-A5A6-4514-B5C4-F96205A8F4BA}.Release|x64.Deploy.0 = Release|x64
		{42716688-A5A6-4514-B5C4-F96205A8F4BA}.Release|x86.ActiveCfg = Release|x86
		{42716688-A5A6-4514-B5C4-F96205A8F4BA}.Release|x86.Build.0 = Release|x86
		{42716688-A5A6-4514-B5C4-F96205A8F4BA}.Release|x86.Deploy.0 = Release|x86
		{4674E7CD-2481-49D8-9709-38BF939A1D68}.Debug|ARM.ActiveCfg = Debug|Any CPU
		{4674E7CD-2481-49D8-9709-38BF939A1D68}.Debug|ARM.Build.0 = Debug|Any CPU
		{4674E7CD-2481-49D8-9709-38BF939A1D68}.Debug|ARM64.ActiveCfg = Debug|Any CPU
		{4674E7CD-2481-49D8-9709-38BF939A1D68}.Debug|ARM64.Build.0 = Debug|Any CPU
		{4674E7CD-2481-49D8-9709-38BF939A1D68}.Debug|x64.ActiveCfg = Debug|Any CPU
		{4674E7CD-2481-49D8-9709-38BF939A1D68}.Debug|x64.Build.0 = Debug|Any CPU
		{4674E7CD-2481-49D8-9709-38BF939A1D68}.Debug|x86.ActiveCfg = Debug|Any CPU
		{4674E7CD-2481-49D8-9709-38BF939A1D68}.Debug|x86.Build.0 = Debug|Any CPU
		{4674E7CD-2481-49D8-9709-38BF939A1D68}.Release|ARM.ActiveCfg = Release|Any CPU
		{4674E7CD-2481-49D8-9709-38BF939A1D68}.Release|ARM.Build.0 = Release|Any CPU
		{4674E7CD-2481-49D8-9709-38BF939A1D68}.Release|ARM64.ActiveCfg = Release|Any CPU
		{4674E7CD-2481-49D8-9709-38BF939A1D68}.Release|ARM64.Build.0 = Release|Any CPU
		{4674E7CD-2481-49D8-9709-38BF939A1D68}.Release|x64.ActiveCfg = Release|Any CPU
		{4674E7CD-2481-49D8-9709-38BF939A1D68}.Release|x64.Build.0 = Release|Any CPU
		{4674E7CD-2481-49D8-9709-38BF939A1D68}.Release|x86.ActiveCfg = Release|Any CPU
		{4674E7CD-2481-49D8-9709-38BF939A1D68}.Release|x86.Build.0 = Release|Any CPU
	EndGlobalSection
	GlobalSection(SolutionProperties) = preSolution
		HideSolutionNode = FALSE
	EndGlobalSection
	GlobalSection(NestedProjects) = preSolution
		{AB199369-87E7-44B4-AE83-7CF5C068EFEB} = {02EA681E-C7D8-13C7-8484-4AC65E1B71E8}
		{C3DBE42D-246E-45F1-8B66-8A8556C0784B} = {02EA681E-C7D8-13C7-8484-4AC65E1B71E8}
	EndGlobalSection
	GlobalSection(ExtensibilityGlobals) = postSolution
		SolutionGuid = {7B8CA201-D533-4FFD-9D5A-F197FACB8BD7}
	EndGlobalSection
EndGlobal
